Microsoft Visual Studio Solution File, Format Version 12.00
# Visual Studio Version 17
VisualStudioVersion = 17.10.35027.167
MinimumVisualStudioVersion = 16.0.0.0
Project("{9A19103F-16F7-4668-BE54-9A1E7A4F7556}") = "CareSchedulr", "CareSchedulr\CareSchedulr.csproj", "{8E21CF15-FC0D-4818-BA6B-F82CAB6E7DC9}"
EndProject
Project("{9A19103F-16F7-4668-BE54-9A1E7A4F7556}") = "CareSchedulr.Client", "CareSchedulr.Client\CareSchedulr.Client.csproj", "{89391265-8BDE-4CEF-A08F-6015521E2B63}"
EndProject
Global
	GlobalSection(SolutionConfigurationPlatforms) = preSolution
		Debug|Any CPU = Debug|Any CPU
		Debug|x64 = Debug|x64
		Debug|x86 = Debug|x86
		Release|Any CPU = Release|Any CPU
		Release|x64 = Release|x64
		Release|x86 = Release|x86
	EndGlobalSection
	GlobalSection(ProjectConfigurationPlatforms) = postSolution
		{8E21CF15-FC0D-4818-BA6B-F82CAB6E7DC9}.Debug|Any CPU.ActiveCfg = Debug|Any CPU
		{8E21CF15-FC0D-4818-BA6B-F82CAB6E7DC9}.Debug|Any CPU.Build.0 = Debug|Any CPU
		{8E21CF15-FC0D-4818-BA6B-F82CAB6E7DC9}.Debug|x64.ActiveCfg = Debug|Any CPU
		{8E21CF15-FC0D-4818-BA6B-F82CAB6E7DC9}.Debug|x64.Build.0 = Debug|Any CPU
		{8E21CF15-FC0D-4818-BA6B-F82CAB6E7DC9}.Debug|x86.ActiveCfg = Debug|Any CPU
		{8E21CF15-FC0D-4818-BA6B-F82CAB6E7DC9}.Debug|x86.Build.0 = Debug|Any CPU
		{8E21CF15-FC0D-4818-BA6B-F82CAB6E7DC9}.Release|Any CPU.ActiveCfg = Release|Any CPU
		{8E21CF15-FC0D-4818-BA6B-F82CAB6E7DC9}.Release|Any CPU.Build.0 = Release|Any CPU
		{8E21CF15-FC0D-4818-BA6B-F82CAB6E7DC9}.Release|x64.ActiveCfg = Release|Any CPU
		{8E21CF15-FC0D-4818-BA6B-F82CAB6E7DC9}.Release|x64.Build.0 = Release|Any CPU
		{8E21CF15-FC0D-4818-BA6B-F82CAB6E7DC9}.Release|x86.ActiveCfg = Release|Any CPU
		{8E21CF15-FC0D-4818-BA6B-F82CAB6E7DC9}.Release|x86.Build.0 = Release|Any CPU
		{89391265-8BDE-4CEF-A08F-6015521E2B63}.Debug|Any CPU.ActiveCfg = Debug|Any CPU
		{89391265-8BDE-4CEF-A08F-6015521E2B63}.Debug|Any CPU.Build.0 = Debug|Any CPU
		{89391265-8BDE-4CEF-A08F-6015521E2B63}.Debug|x64.ActiveCfg = Debug|Any CPU
		{89391265-8BDE-4CEF-A08F-6015521E2B63}.Debug|x64.Build.0 = Debug|Any CPU
		{89391265-8BDE-4CEF-A08F-6015521E2B63}.Debug|x86.ActiveCfg = Debug|Any CPU
		{89391265-8BDE-4CEF-A08F-6015521E2B63}.Debug|x86.Build.0 = Debug|Any CPU
		{89391265-8BDE-4CEF-A08F-6015521E2B63}.Release|Any CPU.ActiveCfg = Release|Any CPU
		{89391265-8BDE-4CEF-A08F-6015521E2B63}.Release|Any CPU.Build.0 = Release|Any CPU
		{89391265-8BDE-4CEF-A08F-6015521E2B63}.Release|x64.ActiveCfg = Release|Any CPU
		{89391265-8BDE-4CEF-A08F-6015521E2B63}.Release|x64.Build.0 = Release|Any CPU
		{89391265-8BDE-4CEF-A08F-6015521E2B63}.Release|x86.ActiveCfg = Release|Any CPU
		{89391265-8BDE-4CEF-A08F-6015521E2B63}.Release|x86.Build.0 = Release|Any CPU
	EndGlobalSection
	GlobalSection(SolutionProperties) = preSolution
		HideSolutionNode = FALSE
	EndGlobalSection
	GlobalSection(ExtensibilityGlobals) = postSolution
		SolutionGuid = {DB0531A2-F8E2-4499-B226-5D97ED8A40A0}
	EndGlobalSection
EndGlobal
